{
  "name": "blockandjerrys",
  "version": "0.2.1",
  "lockfileVersion": 1,
  "requires": true,
  "dependencies": {
    "@google/maps": {
      "version": "0.4.5",
      "resolved": "https://registry.npmjs.org/@google/maps/-/maps-0.4.5.tgz",
      "integrity": "sha1-cuuc+OfelEYZJF0Pjz+WlXHqhNg="
    }
  }
}
